
Microsoft Visual Studio Solution File, Format Version 12.00
# Visual Studio Version 17
VisualStudioVersion = 17.2.32630.192
MinimumVisualStudioVersion = 10.0.40219.1
Project("{FAE04EC0-301F-11D3-BF4B-00C04F79EFBC}") = "priceofcarpet", "priceofcarpet\priceofcarpet.csproj", "{94D47732-633F-4203-90C8-1DD25AB0BB03}"
EndProject
Global
	GlobalSection(SolutionConfigurationPlatforms) = preSolution
		Debug|Any CPU = Debug|Any CPU
		Release|Any CPU = Release|Any CPU
	EndGlobalSection
	GlobalSection(ProjectConfigurationPlatforms) = postSolution
		{94D47732-633F-4203-90C8-1DD25AB0BB03}.Debug|Any CPU.ActiveCfg = Debug|Any CPU
		{94D47732-633F-4203-90C8-1DD25AB0BB03}.Debug|Any CPU.Build.0 = Debug|Any CPU
		{94D47732-633F-4203-90C8-1DD25AB0BB03}.Release|Any CPU.ActiveCfg = Release|Any CPU
		{94D47732-633F-4203-90C8-1DD25AB0BB03}.Release|Any CPU.Build.0 = Release|Any CPU
	EndGlobalSection
	GlobalSection(SolutionProperties) = preSolution
		HideSolutionNode = FALSE
	EndGlobalSection
	GlobalSection(ExtensibilityGlobals) = postSolution
		SolutionGuid = {BF59A3C4-FC1E-4F3C-B04B-B09847986A97}
	EndGlobalSection
EndGlobal
